// !$*UTF8*$!
{
	archiveVersion = 1;
	classes = {
	};
	objectVersion = 50;
	objects = {

/* Begin PBXBuildFile section */
		843BD21A20E63EAC00ED2D1A /* AppDelegate.swift in Sources */ = {isa = PBXBuildFile; fileRef = 843BD21920E63EAC00ED2D1A /* AppDelegate.swift */; };
		843BD21C20E63EAC00ED2D1A /* ViewController.swift in Sources */ = {isa = PBXBuildFile; fileRef = 843BD21B20E63EAC00ED2D1A /* ViewController.swift */; };
		843BD21F20E63EAC00ED2D1A /* Main.storyboard in Resources */ = {isa = PBXBuildFile; fileRef = 843BD21D20E63EAC00ED2D1A /* Main.storyboard */; };
		843BD22120E63EAE00ED2D1A /* Assets.xcassets in Resources */ = {isa = PBXBuildFile; fileRef = 843BD22020E63EAE00ED2D1A /* Assets.xcassets */; };
		843BD22420E63EAE00ED2D1A /* LaunchScreen.storyboard in Resources */ = {isa = PBXBuildFile; fileRef = 843BD22220E63EAE00ED2D1A /* LaunchScreen.storyboard */; };
		843BD22E20E6452A00ED2D1A /* SpaceShip.swift in Sources */ = {isa = PBXBuildFile; fileRef = 843BD22D20E6452A00ED2D1A /* SpaceShip.swift */; };
		8486640121787519006ABCA3 /* art.scnassets in Resources */ = {isa = PBXBuildFile; fileRef = 8486640021787519006ABCA3 /* art.scnassets */; };
/* End PBXBuildFile section */

/* Begin PBXFileReference section */
		843BD21620E63EAC00ED2D1A /* ARtoPlay.app */ = {isa = PBXFileReference; explicitFileType = wrapper.application; includeInIndex = 0; path = ARtoPlay.app; sourceTree = BUILT_PRODUCTS_DIR; };
		843BD21920E63EAC00ED2D1A /* AppDelegate.swift */ = {isa = PBXFileReference; lastKnownFileType = sourcecode.swift; path = AppDelegate.swift; sourceTree = "<group>"; };
		843BD21B20E63EAC00ED2D1A /* ViewController.swift */ = {isa = PBXFileReference; lastKnownFileType = sourcecode.swift; path = ViewController.swift; sourceTree = "<group>"; };
		843BD21E20E63EAC00ED2D1A /* Base */ = {isa = PBXFileReference; lastKnownFileType = file.storyboard; name = Base; path = Base.lproj/Main.storyboard; sourceTree = "<group>"; };
		843BD22020E63EAE00ED2D1A /* Assets.xcassets */ = {isa = PBXFileReference; lastKnownFileType = folder.assetcatalog; path = Assets.xcassets; sourceTree = "<group>"; };
		843BD22320E63EAE00ED2D1A /* Base */ = {isa = PBXFileReference; lastKnownFileType = file.storyboard; name = Base; path = Base.lproj/LaunchScreen.storyboard; sourceTree = "<group>"; };
		843BD22520E63EAE00ED2D1A /* Info.plist */ = {isa = PBXFileReference; lastKnownFileType = text.plist.xml; path = Info.plist; sourceTree = "<group>"; };
		843BD22D20E6452A00ED2D1A /* SpaceShip.swift */ = {isa = PBXFileReference; lastKnownFileType = sourcecode.swift; path = SpaceShip.swift; sourceTree = "<group>"; };
		8486640021787519006ABCA3 /* art.scnassets */ = {isa = PBXFileReference; lastKnownFileType = wrapper.scnassets; path = art.scnassets; sourceTree = "<group>"; };
/* End PBXFileReference section */

/* Begin PBXFrameworksBuildPhase section */
		843BD21320E63EAC00ED2D1A /* Frameworks */ = {
			isa = PBXFrameworksBuildPhase;
			buildActionMask = 2147483647;
			files = (
			);
			runOnlyForDeploymentPostprocessing = 0;
		};
/* End PBXFrameworksBuildPhase section */

/* Begin PBXGroup section */
		843BD20D20E63EAC00ED2D1A = {
			isa = PBXGroup;
			children = (
				843BD21820E63EAC00ED2D1A /* ARtoPlay */,
				843BD21720E63EAC00ED2D1A /* Products */,
			);
			sourceTree = "<group>";
		};
		843BD21720E63EAC00ED2D1A /* Products */ = {
			isa = PBXGroup;
			children = (
				843BD21620E63EAC00ED2D1A /* ARtoPlay.app */,
			);
			name = Products;
			sourceTree = "<group>";
		};
		843BD21820E63EAC00ED2D1A /* ARtoPlay */ = {
			isa = PBXGroup;
			children = (
				843BD21920E63EAC00ED2D1A /* AppDelegate.swift */,
				843BD21B20E63EAC00ED2D1A /* ViewController.swift */,
				8486640021787519006ABCA3 /* art.scnassets */,
				843BD21D20E63EAC00ED2D1A /* Main.storyboard */,
				843BD22020E63EAE00ED2D1A /* Assets.xcassets */,
				843BD22220E63EAE00ED2D1A /* LaunchScreen.storyboard */,
				843BD22520E63EAE00ED2D1A /* Info.plist */,
				843BD22D20E6452A00ED2D1A /* SpaceShip.swift */,
			);
			path = ARtoPlay;
			sourceTree = "<group>";
		};
/* End PBXGroup section */

/* Begin PBXNativeTarget section */
		843BD21520E63EAC00ED2D1A /* ARtoPlay */ = {
			isa = PBXNativeTarget;
			buildConfigurationList = 843BD22820E63EAE00ED2D1A /* Build configuration list for PBXNativeTarget "ARtoPlay" */;
			buildPhases = (
				843BD21220E63EAC00ED2D1A /* Sources */,
				843BD21320E63EAC00ED2D1A /* Frameworks */,
				843BD21420E63EAC00ED2D1A /* Resources */,
			);
			buildRules = (
			);
			dependencies = (
			);
			name = ARtoPlay;
			productName = ARtoPlay;
			productReference = 843BD21620E63EAC00ED2D1A /* ARtoPlay.app */;
			productType = "com.apple.product-type.application";
		};
/* End PBXNativeTarget section */

/* Begin PBXProject section */
		843BD20E20E63EAC00ED2D1A /* Project object */ = {
			isa = PBXProject;
			attributes = {
				LastSwiftUpdateCheck = 0940;
				LastUpgradeCheck = 0940;
				ORGANIZATIONNAME = wndzlf;
				TargetAttributes = {
					843BD21520E63EAC00ED2D1A = {
						CreatedOnToolsVersion = 9.4.1;
					};
				};
			};
			buildConfigurationList = 843BD21120E63EAC00ED2D1A /* Build configuration list for PBXProject "ARtoPlay" */;
			compatibilityVersion = "Xcode 9.3";
			developmentRegion = en;
			hasScannedForEncodings = 0;
			knownRegions = (
				en,
				Base,
			);
			mainGroup = 843BD20D20E63EAC00ED2D1A;
			productRefGroup = 843BD21720E63EAC00ED2D1A /* Products */;
			projectDirPath = "";
			projectRoot = "";
			targets = (
				843BD21520E63EAC00ED2D1A /* ARtoPlay */,
			);
		};
/* End PBXProject section */

/* Begin PBXResourcesBuildPhase section */
		843BD21420E63EAC00ED2D1A /* Resources */ = {
			isa = PBXResourcesBuildPhase;
			buildActionMask = 2147483647;
			files = (
				843BD22420E63EAE00ED2D1A /* LaunchScreen.storyboard in Resources */,
				8486640121787519006ABCA3 /* art.scnassets in Resources */,
				843BD22120E63EAE00ED2D1A /* Assets.xcassets in Resources */,
				843BD21F20E63EAC00ED2D1A /* Main.storyboard in Resources */,
			);
			runOnlyForDeploymentPostprocessing = 0;
		};
/* End PBXResourcesBuildPhase section */

/* Begin PBXSourcesBuildPhase section */
		843BD21220E63EAC00ED2D1A /* Sources */ = {
			isa = PBXSourcesBuildPhase;
			buildActionMask = 2147483647;
			files = (
				843BD22E20E6452A00ED2D1A /* SpaceShip.swift in Sources */,
				843BD21C20E63EAC00ED2D1A /* ViewController.swift in Sources */,
				843BD21A20E63EAC00ED2D1A /* AppDelegate.swift in Sources */,
			);
			runOnlyForDeploymentPostprocessing = 0;
		};
/* End PBXSourcesBuildPhase section */

/* Begin PBXVariantGroup section */
		843BD21D20E63EAC00ED2D1A /* Main.storyboard */ = {
			isa = PBXVariantGroup;
			children = (
				843BD21E20E63EAC00ED2D1A /* Base */,
			);
			name = Main.storyboard;
			sourceTree = "<group>";
		};
		843BD22220E63EAE00ED2D1A /* LaunchScreen.storyboard */ = {
			isa = PBXVariantGroup;
			children = (
				843BD22320E63EAE00ED2D1A /* Base */,
			);
			name = LaunchScreen.storyboard;
			sourceTree = "<group>";
		};
/* End PBXVariantGroup section */

/* Begin XCBuildConfiguration section */
		843BD22620E63EAE00ED2D1A /* Debug */ = {
			isa = XCBuildConfiguration;
			buildSettings = {
				ALWAYS_SEARCH_USER_PATHS = NO;
				CLANG_ANALYZER_NONNULL = YES;
				CLANG_ANALYZER_NUMBER_OBJECT_CONVERSION = YES_AGGRESSIVE;
				CLANG_CXX_LANGUAGE_STANDARD = "gnu++14";
				CLANG_CXX_LIBRARY = "libc++";
				CLANG_ENABLE_MODULES = YES;
				CLANG_ENABLE_OBJC_ARC = YES;
				CLANG_ENABLE_OBJC_WEAK = YES;
				CLANG_WARN_BLOCK_CAPTURE_AUTORELEASING = YES;
				CLANG_WARN_BOOL_CONVERSION = YES;
				CLANG_WARN_COMMA = YES;
				CLANG_WARN_CONSTANT_CONVERSION = YES;
				CLANG_WARN_DEPRECATED_OBJC_IMPLEMENTATIONS = YES;
				CLANG_WARN_DIRECT_OBJC_ISA_USAGE = YES_ERROR;
				CLANG_WARN_DOCUMENTATION_COMMENTS = YES;
				CLANG_WARN_EMPTY_BODY = YES;
				CLANG_WARN_ENUM_CONVERSION = YES;
				CLANG_WARN_INFINITE_RECURSION = YES;
				CLANG_WARN_INT_CONVERSION = YES;
				CLANG_WARN_NON_LITERAL_NULL_CONVERSION = YES;
				CLANG_WARN_OBJC_IMPLICIT_RETAIN_SELF = YES;
				CLANG_WARN_OBJC_LITERAL_CONVERSION = YES;
				CLANG_WARN_OBJC_ROOT_CLASS = YES_ERROR;
				CLANG_WARN_RANGE_LOOP_ANALYSIS = YES;
				CLANG_WARN_STRICT_PROTOTYPES = YES;
				CLANG_WARN_SUSPICIOUS_MOVE = YES;
				CLANG_WARN_UNGUARDED_AVAILABILITY = YES_AGGRESSIVE;
				CLANG_WARN_UNREACHABLE_CODE = YES;
				CLANG_WARN__DUPLICATE_METHOD_MATCH = YES;
				CODE_SIGN_IDENTITY = "iPhone Developer";
				COPY_PHASE_STRIP = NO;
				DEBUG_INFORMATION_FORMAT = dwarf;
				ENABLE_STRICT_OBJC_MSGSEND = YES;
				ENABLE_TESTABILITY = YES;
				GCC_C_LANGUAGE_STANDARD = gnu11;
				GCC_DYNAMIC_NO_PIC = NO;
				GCC_NO_COMMON_BLOCKS = YES;
				GCC_OPTIMIZATION_LEVEL = 0;
				GCC_PREPROCESSOR_DEFINITIONS = (
					"DEBUG=1",
					"$(inherited)",
				);
				GCC_WARN_64_TO_32_BIT_CONVERSION = YES;
				GCC_WARN_ABOUT_RETURN_TYPE = YES_ERROR;
				GCC_WARN_UNDECLARED_SELECTOR = YES;
				GCC_WARN_UNINITIALIZED_AUTOS = YES_AGGRESSIVE;
				GCC_WARN_UNUSED_FUNCTION = YES;
				GCC_WARN_UNUSED_VARIABLE = YES;
				IPHONEOS_DEPLOYMENT_TARGET = 11.4;
				MTL_ENABLE_DEBUG_INFO = YES;
				ONLY_ACTIVE_ARCH = YES;
				SDKROOT = iphoneos;
				SWIFT_ACTIVE_COMPILATION_CONDITIONS = DEBUG;
				SWIFT_OPTIMIZATION_LEVEL = "-Onone";
			};
			name = Debug;
		};
		843BD22720E63EAE00ED2D1A /* Release */ = {
			isa = XCBuildConfiguration;
			buildSettings = {
				ALWAYS_SEARCH_USER_PATHS = NO;
				CLANG_ANALYZER_NONNULL = YES;
				CLANG_ANALYZER_NUMBER_OBJECT_CONVERSION = YES_AGGRESSIVE;
				CLANG_CXX_LANGUAGE_STANDARD = "gnu++14";
				CLANG_CXX_LIBRARY = "libc++";
				CLANG_ENABLE_MODULES = YES;
				CLANG_ENABLE_OBJC_ARC = YES;
				CLANG_ENABLE_OBJC_WEAK = YES;
				CLANG_WARN_BLOCK_CAPTURE_AUTORELEASING = YES;
				CLANG_WARN_BOOL_CONVERSION = YES;
				CLANG_WARN_COMMA = YES;
				CLANG_WARN_CONSTANT_CONVERSION = YES;
				CLANG_WARN_DEPRECATED_OBJC_IMPLEMENTATIONS = YES;
				CLANG_WARN_DIRECT_OBJC_ISA_USAGE = YES_ERROR;
				CLANG_WARN_DOCUMENTATION_COMMENTS = YES;
				CLANG_WARN_EMPTY_BODY = YES;
				CLANG_WARN_ENUM_CONVERSION = YES;
				CLANG_WARN_INFINITE_RECURSION = YES;
				CLANG_WARN_INT_CONVERSION = YES;
				CLANG_WARN_NON_LITERAL_NULL_CONVERSION = YES;
				CLANG_WARN_OBJC_IMPLICIT_RETAIN_SELF = YES;
				CLANG_WARN_OBJC_LITERAL_CONVERSION = YES;
				CLANG_WARN_OBJC_ROOT_CLASS = YES_ERROR;
				CLANG_WARN_RANGE_LOOP_ANALYSIS = YES;
				CLANG_WARN_STRICT_PROTOTYPES = YES;
				CLANG_WARN_SUSPICIOUS_MOVE = YES;
				CLANG_WARN_UNGUARDED_AVAILABILITY = YES_AGGRESSIVE;
				CLANG_WARN_UNREACHABLE_CODE = YES;
				CLANG_WARN__DUPLICATE_METHOD_MATCH = YES;
				CODE_SIGN_IDENTITY = "iPhone Developer";
				COPY_PHASE_STRIP = NO;
				DEBUG_INFORMATION_FORMAT = "dwarf-with-dsym";
				ENABLE_NS_ASSERTIONS = NO;
				ENABLE_STRICT_OBJC_MSGSEND = YES;
				GCC_C_LANGUAGE_STANDARD = gnu11;
				GCC_NO_COMMON_BLOCKS = YES;
				GCC_WARN_64_TO_32_BIT_CONVERSION = YES;
				GCC_WARN_ABOUT_RETURN_TYPE = YES_ERROR;
				GCC_WARN_UNDECLARED_SELECTOR = YES;
				GCC_WARN_UNINITIALIZED_AUTOS = YES_AGGRESSIVE;
				GCC_WARN_UNUSED_FUNCTION = YES;
				GCC_WARN_UNUSED_VARIABLE = YES;
				IPHONEOS_DEPLOYMENT_TARGET = 11.4;
				MTL_ENABLE_DEBUG_INFO = NO;
				SDKROOT = iphoneos;
				SWIFT_COMPILATION_MODE = wholemodule;
				SWIFT_OPTIMIZATION_LEVEL = "-O";
				VALIDATE_PRODUCT = YES;
			};
			name = Release;
		};
		843BD22920E63EAE00ED2D1A /* Debug */ = {
			isa = XCBuildConfiguration;
			buildSettings = {
				ASSETCATALOG_COMPILER_APPICON_NAME = AppIcon;
				CODE_SIGN_STYLE = Automatic;
				DEVELOPMENT_TEAM = 6958JMS7R4;
				INFOPLIST_FILE = ARtoPlay/Info.plist;
				LD_RUNPATH_SEARCH_PATHS = (
					"$(inherited)",
					"@executable_path/Frameworks",
				);
				PRODUCT_BUNDLE_IDENTIFIER = com.wndzlf.ARtoPlay;
				PRODUCT_NAME = "$(TARGET_NAME)";
				SWIFT_VERSION = 4.0;
				TARGETED_DEVICE_FAMILY = "1,2";
			};
			name = Debug;
		};
		843BD22A20E63EAE00ED2D1A /* Release */ = {
			isa = XCBuildConfiguration;
			buildSettings = {
				ASSETCATALOG_COMPILER_APPICON_NAME = AppIcon;
				CODE_SIGN_STYLE = Automatic;
				DEVELOPMENT_TEAM = 6958JMS7R4;
				INFOPLIST_FILE = ARtoPlay/Info.plist;
				LD_RUNPATH_SEARCH_PATHS = (
					"$(inherited)",
					"@executable_path/Frameworks",
				);
				PRODUCT_BUNDLE_IDENTIFIER = com.wndzlf.ARtoPlay;
				PRODUCT_NAME = "$(TARGET_NAME)";
				SWIFT_VERSION = 4.0;
				TARGETED_DEVICE_FAMILY = "1,2";
			};
			name = Release;
		};
/* End XCBuildConfiguration section */

/* Begin XCConfigurationList section */
		843BD21120E63EAC00ED2D1A /* Build configuration list for PBXProject "ARtoPlay" */ = {
			isa = XCConfigurationList;
			buildConfigurations = (
				843BD22620E63EAE00ED2D1A /* Debug */,
				843BD22720E63EAE00ED2D1A /* Release */,
			);
			defaultConfigurationIsVisible = 0;
			defaultConfigurationName = Release;
		};
		843BD22820E63EAE00ED2D1A /* Build configuration list for PBXNativeTarget "ARtoPlay" */ = {
			isa = XCConfigurationList;
			buildConfigurations = (
				843BD22920E63EAE00ED2D1A /* Debug */,
				843BD22A20E63EAE00ED2D1A /* Release */,
			);
			defaultConfigurationIsVisible = 0;
			defaultConfigurationName = Release;
		};
/* End XCConfigurationList section */
	};
	rootObject = 843BD20E20E63EAC00ED2D1A /* Project object */;
}
